
Microsoft Visual Studio Solution File, Format Version 12.00
# Visual Studio Version 17
VisualStudioVersion = 17.0.31611.283
MinimumVisualStudioVersion = 10.0.40219.1
Project("{9A19103F-16F7-4668-BE54-9A1E7A4F7556}") = "Practice Test 3 MAUI", "Practice Test 3 MAUI\Practice Test 3 MAUI.csproj", "{466B652E-49FC-4BF9-B4EA-CBAC1F9F5D70}"
EndProject
Project("{FAE04EC0-301F-11D3-BF4B-00C04F79EFBC}") = "NumberFun", "NumberFun\NumberFun.csproj", "{37973684-AA39-4ECA-8664-2C5669069B89}"
EndProject
Project("{FAE04EC0-301F-11D3-BF4B-00C04F79EFBC}") = "NumberFunTests", "NumberFunTests\NumberFunTests.csproj", "{6A156A5B-DEFC-4707-AF60-5F1CBC948ECB}"
EndProject
Global
	GlobalSection(SolutionConfigurationPlatforms) = preSolution
		Debug|Any CPU = Debug|Any CPU
		Release|Any CPU = Release|Any CPU
	EndGlobalSection
	GlobalSection(ProjectConfigurationPlatforms) = postSolution
		{466B652E-49FC-4BF9-B4EA-CBAC1F9F5D70}.Debug|Any CPU.ActiveCfg = Debug|Any CPU
		{466B652E-49FC-4BF9-B4EA-CBAC1F9F5D70}.Debug|Any CPU.Build.0 = Debug|Any CPU
		{466B652E-49FC-4BF9-B4EA-CBAC1F9F5D70}.Debug|Any CPU.Deploy.0 = Debug|Any CPU
		{466B652E-49FC-4BF9-B4EA-CBAC1F9F5D70}.Release|Any CPU.ActiveCfg = Release|Any CPU
		{466B652E-49FC-4BF9-B4EA-CBAC1F9F5D70}.Release|Any CPU.Build.0 = Release|Any CPU
		{466B652E-49FC-4BF9-B4EA-CBAC1F9F5D70}.Release|Any CPU.Deploy.0 = Release|Any CPU
		{37973684-AA39-4ECA-8664-2C5669069B89}.Debug|Any CPU.ActiveCfg = Debug|Any CPU
		{37973684-AA39-4ECA-8664-2C5669069B89}.Debug|Any CPU.Build.0 = Debug|Any CPU
		{37973684-AA39-4ECA-8664-2C5669069B89}.Release|Any CPU.ActiveCfg = Release|Any CPU
		{37973684-AA39-4ECA-8664-2C5669069B89}.Release|Any CPU.Build.0 = Release|Any CPU
		{6A156A5B-DEFC-4707-AF60-5F1CBC948ECB}.Debug|Any CPU.ActiveCfg = Debug|Any CPU
		{6A156A5B-DEFC-4707-AF60-5F1CBC948ECB}.Debug|Any CPU.Build.0 = Debug|Any CPU
		{6A156A5B-DEFC-4707-AF60-5F1CBC948ECB}.Release|Any CPU.ActiveCfg = Release|Any CPU
		{6A156A5B-DEFC-4707-AF60-5F1CBC948ECB}.Release|Any CPU.Build.0 = Release|Any CPU
	EndGlobalSection
	GlobalSection(SolutionProperties) = preSolution
		HideSolutionNode = FALSE
	EndGlobalSection
	GlobalSection(ExtensibilityGlobals) = postSolution
		SolutionGuid = {61F7FB11-1E47-470C-91E2-47F8143E1572}
	EndGlobalSection
EndGlobal
